// !$*UTF8*$!
{
	archiveVersion = 1;
	classes = {
	};
	objectVersion = 50;
	objects = {

/* Begin PBXBuildFile section */
		7906023B25BB386F00AF38B8 /* AppDelegate.swift in Sources */ = {isa = PBXBuildFile; fileRef = 7906023A25BB386F00AF38B8 /* AppDelegate.swift */; };
		7906023D25BB386F00AF38B8 /* SceneDelegate.swift in Sources */ = {isa = PBXBuildFile; fileRef = 7906023C25BB386F00AF38B8 /* SceneDelegate.swift */; };
		7906024225BB386F00AF38B8 /* Main.storyboard in Resources */ = {isa = PBXBuildFile; fileRef = 7906024025BB386F00AF38B8 /* Main.storyboard */; };
		7906024525BB386F00AF38B8 /* EventBuddy.xcdatamodeld in Sources */ = {isa = PBXBuildFile; fileRef = 7906024325BB386F00AF38B8 /* EventBuddy.xcdatamodeld */; };
		7906024725BB387000AF38B8 /* Assets.xcassets in Resources */ = {isa = PBXBuildFile; fileRef = 7906024625BB387000AF38B8 /* Assets.xcassets */; };
		7906024A25BB387000AF38B8 /* LaunchScreen.storyboard in Resources */ = {isa = PBXBuildFile; fileRef = 7906024825BB387000AF38B8 /* LaunchScreen.storyboard */; };
		7906025925BB3C3B00AF38B8 /* Event+Convenience.swift in Sources */ = {isa = PBXBuildFile; fileRef = 7906025825BB3C3B00AF38B8 /* Event+Convenience.swift */; };
		7906025C25BB3C5400AF38B8 /* EventAttended+Convenience.swift in Sources */ = {isa = PBXBuildFile; fileRef = 7906025B25BB3C5400AF38B8 /* EventAttended+Convenience.swift */; };
		7906025F25BB3DAA00AF38B8 /* CoreDataStack.swift in Sources */ = {isa = PBXBuildFile; fileRef = 7906025E25BB3DAA00AF38B8 /* CoreDataStack.swift */; };
		7906026525BB3F8500AF38B8 /* EventController.swift in Sources */ = {isa = PBXBuildFile; fileRef = 7906026425BB3F8500AF38B8 /* EventController.swift */; };
		7906026825BB480900AF38B8 /* EventListTableViewController.swift in Sources */ = {isa = PBXBuildFile; fileRef = 7906026725BB480900AF38B8 /* EventListTableViewController.swift */; };
		7906026B25BB481E00AF38B8 /* EventDetailViewController.swift in Sources */ = {isa = PBXBuildFile; fileRef = 7906026A25BB481E00AF38B8 /* EventDetailViewController.swift */; };
		7906026F25BB514700AF38B8 /* EventTableViewCell.swift in Sources */ = {isa = PBXBuildFile; fileRef = 7906026E25BB514700AF38B8 /* EventTableViewCell.swift */; };
		7906027425BB531100AF38B8 /* DateFormatter.swift in Sources */ = {isa = PBXBuildFile; fileRef = 7906027325BB531100AF38B8 /* DateFormatter.swift */; };
		7906027725BB68FD00AF38B8 /* NotificationScheduler.swift in Sources */ = {isa = PBXBuildFile; fileRef = 7906027625BB68FD00AF38B8 /* NotificationScheduler.swift */; };
/* End PBXBuildFile section */

/* Begin PBXFileReference section */
		7906023725BB386F00AF38B8 /* EventBuddy.app */ = {isa = PBXFileReference; explicitFileType = wrapper.application; includeInIndex = 0; path = EventBuddy.app; sourceTree = BUILT_PRODUCTS_DIR; };
		7906023A25BB386F00AF38B8 /* AppDelegate.swift */ = {isa = PBXFileReference; lastKnownFileType = sourcecode.swift; path = AppDelegate.swift; sourceTree = "<group>"; };
		7906023C25BB386F00AF38B8 /* SceneDelegate.swift */ = {isa = PBXFileReference; lastKnownFileType = sourcecode.swift; path = SceneDelegate.swift; sourceTree = "<group>"; };
		7906024125BB386F00AF38B8 /* Base */ = {isa = PBXFileReference; lastKnownFileType = file.storyboard; name = Base; path = Base.lproj/Main.storyboard; sourceTree = "<group>"; };
		7906024425BB386F00AF38B8 /* EventBuddy.xcdatamodel */ = {isa = PBXFileReference; lastKnownFileType = wrapper.xcdatamodel; path = EventBuddy.xcdatamodel; sourceTree = "<group>"; };
		7906024625BB387000AF38B8 /* Assets.xcassets */ = {isa = PBXFileReference; lastKnownFileType = folder.assetcatalog; path = Assets.xcassets; sourceTree = "<group>"; };
		7906024925BB387000AF38B8 /* Base */ = {isa = PBXFileReference; lastKnownFileType = file.storyboard; name = Base; path = Base.lproj/LaunchScreen.storyboard; sourceTree = "<group>"; };
		7906024B25BB387000AF38B8 /* Info.plist */ = {isa = PBXFileReference; lastKnownFileType = text.plist.xml; path = Info.plist; sourceTree = "<group>"; };
		7906025825BB3C3B00AF38B8 /* Event+Convenience.swift */ = {isa = PBXFileReference; lastKnownFileType = sourcecode.swift; path = "Event+Convenience.swift"; sourceTree = "<group>"; };
		7906025B25BB3C5400AF38B8 /* EventAttended+Convenience.swift */ = {isa = PBXFileReference; lastKnownFileType = sourcecode.swift; path = "EventAttended+Convenience.swift"; sourceTree = "<group>"; };
		7906025E25BB3DAA00AF38B8 /* CoreDataStack.swift */ = {isa = PBXFileReference; lastKnownFileType = sourcecode.swift; path = CoreDataStack.swift; sourceTree = "<group>"; };
		7906026425BB3F8500AF38B8 /* EventController.swift */ = {isa = PBXFileReference; lastKnownFileType = sourcecode.swift; path = EventController.swift; sourceTree = "<group>"; };
		7906026725BB480900AF38B8 /* EventListTableViewController.swift */ = {isa = PBXFileReference; lastKnownFileType = sourcecode.swift; path = EventListTableViewController.swift; sourceTree = "<group>"; };
		7906026A25BB481E00AF38B8 /* EventDetailViewController.swift */ = {isa = PBXFileReference; lastKnownFileType = sourcecode.swift; path = EventDetailViewController.swift; sourceTree = "<group>"; };
		7906026E25BB514700AF38B8 /* EventTableViewCell.swift */ = {isa = PBXFileReference; lastKnownFileType = sourcecode.swift; path = EventTableViewCell.swift; sourceTree = "<group>"; };
		7906027325BB531100AF38B8 /* DateFormatter.swift */ = {isa = PBXFileReference; lastKnownFileType = sourcecode.swift; path = DateFormatter.swift; sourceTree = "<group>"; };
		7906027625BB68FD00AF38B8 /* NotificationScheduler.swift */ = {isa = PBXFileReference; lastKnownFileType = sourcecode.swift; path = NotificationScheduler.swift; sourceTree = "<group>"; };
/* End PBXFileReference section */

/* Begin PBXFrameworksBuildPhase section */
		7906023425BB386F00AF38B8 /* Frameworks */ = {
			isa = PBXFrameworksBuildPhase;
			buildActionMask = 2147483647;
			files = (
			);
			runOnlyForDeploymentPostprocessing = 0;
		};
/* End PBXFrameworksBuildPhase section */

/* Begin PBXGroup section */
		7906022E25BB386F00AF38B8 = {
			isa = PBXGroup;
			children = (
				7906023925BB386F00AF38B8 /* EventBuddy */,
				7906023825BB386F00AF38B8 /* Products */,
			);
			sourceTree = "<group>";
		};
		7906023825BB386F00AF38B8 /* Products */ = {
			isa = PBXGroup;
			children = (
				7906023725BB386F00AF38B8 /* EventBuddy.app */,
			);
			name = Products;
			sourceTree = "<group>";
		};
		7906023925BB386F00AF38B8 /* EventBuddy */ = {
			isa = PBXGroup;
			children = (
				7906025625BB389D00AF38B8 /* CoreData */,
				7906026125BB3F5E00AF38B8 /* Controllers */,
				7906025525BB388C00AF38B8 /* Views */,
				7906027225BB52DA00AF38B8 /* Helper */,
				7906025225BB387D00AF38B8 /* Resources */,
			);
			path = EventBuddy;
			sourceTree = "<group>";
		};
		7906025225BB387D00AF38B8 /* Resources */ = {
			isa = PBXGroup;
			children = (
				7906023A25BB386F00AF38B8 /* AppDelegate.swift */,
				7906023C25BB386F00AF38B8 /* SceneDelegate.swift */,
				7906024625BB387000AF38B8 /* Assets.xcassets */,
				7906024B25BB387000AF38B8 /* Info.plist */,
			);
			path = Resources;
			sourceTree = "<group>";
		};
		7906025525BB388C00AF38B8 /* Views */ = {
			isa = PBXGroup;
			children = (
				7906026D25BB511700AF38B8 /* Custom Cell */,
				7906024025BB386F00AF38B8 /* Main.storyboard */,
				7906024825BB387000AF38B8 /* LaunchScreen.storyboard */,
			);
			path = Views;
			sourceTree = "<group>";
		};
		7906025625BB389D00AF38B8 /* CoreData */ = {
			isa = PBXGroup;
			children = (
				7906024325BB386F00AF38B8 /* EventBuddy.xcdatamodeld */,
				7906025825BB3C3B00AF38B8 /* Event+Convenience.swift */,
				7906025B25BB3C5400AF38B8 /* EventAttended+Convenience.swift */,
				7906025E25BB3DAA00AF38B8 /* CoreDataStack.swift */,
			);
			path = CoreData;
			sourceTree = "<group>";
		};
		7906026125BB3F5E00AF38B8 /* Controllers */ = {
			isa = PBXGroup;
			children = (
				7906026225BB3F6700AF38B8 /* Model Controller */,
				7906026325BB3F7000AF38B8 /* View Controllers */,
			);
			path = Controllers;
			sourceTree = "<group>";
		};
		7906026225BB3F6700AF38B8 /* Model Controller */ = {
			isa = PBXGroup;
			children = (
				7906026425BB3F8500AF38B8 /* EventController.swift */,
				7906027625BB68FD00AF38B8 /* NotificationScheduler.swift */,
			);
			path = "Model Controller";
			sourceTree = "<group>";
		};
		7906026325BB3F7000AF38B8 /* View Controllers */ = {
			isa = PBXGroup;
			children = (
				7906026725BB480900AF38B8 /* EventListTableViewController.swift */,
				7906026A25BB481E00AF38B8 /* EventDetailViewController.swift */,
			);
			path = "View Controllers";
			sourceTree = "<group>";
		};
		7906026D25BB511700AF38B8 /* Custom Cell */ = {
			isa = PBXGroup;
			children = (
				7906026E25BB514700AF38B8 /* EventTableViewCell.swift */,
			);
			path = "Custom Cell";
			sourceTree = "<group>";
		};
		7906027225BB52DA00AF38B8 /* Helper */ = {
			isa = PBXGroup;
			children = (
				7906027325BB531100AF38B8 /* DateFormatter.swift */,
			);
			path = Helper;
			sourceTree = "<group>";
		};
/* End PBXGroup section */

/* Begin PBXNativeTarget section */
		7906023625BB386F00AF38B8 /* EventBuddy */ = {
			isa = PBXNativeTarget;
			buildConfigurationList = 7906024E25BB387000AF38B8 /* Build configuration list for PBXNativeTarget "EventBuddy" */;
			buildPhases = (
				7906023325BB386F00AF38B8 /* Sources */,
				7906023425BB386F00AF38B8 /* Frameworks */,
				7906023525BB386F00AF38B8 /* Resources */,
			);
			buildRules = (
			);
			dependencies = (
			);
			name = EventBuddy;
			productName = EventBuddy;
			productReference = 7906023725BB386F00AF38B8 /* EventBuddy.app */;
			productType = "com.apple.product-type.application";
		};
/* End PBXNativeTarget section */

/* Begin PBXProject section */
		7906022F25BB386F00AF38B8 /* Project object */ = {
			isa = PBXProject;
			attributes = {
				LastSwiftUpdateCheck = 1230;
				LastUpgradeCheck = 1230;
				TargetAttributes = {
					7906023625BB386F00AF38B8 = {
						CreatedOnToolsVersion = 12.3;
					};
				};
			};
			buildConfigurationList = 7906023225BB386F00AF38B8 /* Build configuration list for PBXProject "EventBuddy" */;
			compatibilityVersion = "Xcode 9.3";
			developmentRegion = en;
			hasScannedForEncodings = 0;
			knownRegions = (
				en,
				Base,
			);
			mainGroup = 7906022E25BB386F00AF38B8;
			productRefGroup = 7906023825BB386F00AF38B8 /* Products */;
			projectDirPath = "";
			projectRoot = "";
			targets = (
				7906023625BB386F00AF38B8 /* EventBuddy */,
			);
		};
/* End PBXProject section */

/* Begin PBXResourcesBuildPhase section */
		7906023525BB386F00AF38B8 /* Resources */ = {
			isa = PBXResourcesBuildPhase;
			buildActionMask = 2147483647;
			files = (
				7906024A25BB387000AF38B8 /* LaunchScreen.storyboard in Resources */,
				7906024725BB387000AF38B8 /* Assets.xcassets in Resources */,
				7906024225BB386F00AF38B8 /* Main.storyboard in Resources */,
			);
			runOnlyForDeploymentPostprocessing = 0;
		};
/* End PBXResourcesBuildPhase section */

/* Begin PBXSourcesBuildPhase section */
		7906023325BB386F00AF38B8 /* Sources */ = {
			isa = PBXSourcesBuildPhase;
			buildActionMask = 2147483647;
			files = (
				7906025925BB3C3B00AF38B8 /* Event+Convenience.swift in Sources */,
				7906024525BB386F00AF38B8 /* EventBuddy.xcdatamodeld in Sources */,
				7906026825BB480900AF38B8 /* EventListTableViewController.swift in Sources */,
				7906026B25BB481E00AF38B8 /* EventDetailViewController.swift in Sources */,
				7906027725BB68FD00AF38B8 /* NotificationScheduler.swift in Sources */,
				7906023B25BB386F00AF38B8 /* AppDelegate.swift in Sources */,
				7906027425BB531100AF38B8 /* DateFormatter.swift in Sources */,
				7906025F25BB3DAA00AF38B8 /* CoreDataStack.swift in Sources */,
				7906025C25BB3C5400AF38B8 /* EventAttended+Convenience.swift in Sources */,
				7906026525BB3F8500AF38B8 /* EventController.swift in Sources */,
				7906026F25BB514700AF38B8 /* EventTableViewCell.swift in Sources */,
				7906023D25BB386F00AF38B8 /* SceneDelegate.swift in Sources */,
			);
			runOnlyForDeploymentPostprocessing = 0;
		};
/* End PBXSourcesBuildPhase section */

/* Begin PBXVariantGroup section */
		7906024025BB386F00AF38B8 /* Main.storyboard */ = {
			isa = PBXVariantGroup;
			children = (
				7906024125BB386F00AF38B8 /* Base */,
			);
			name = Main.storyboard;
			sourceTree = "<group>";
		};
		7906024825BB387000AF38B8 /* LaunchScreen.storyboard */ = {
			isa = PBXVariantGroup;
			children = (
				7906024925BB387000AF38B8 /* Base */,
			);
			name = LaunchScreen.storyboard;
			sourceTree = "<group>";
		};
/* End PBXVariantGroup section */

/* Begin XCBuildConfiguration section */
		7906024C25BB387000AF38B8 /* Debug */ = {
			isa = XCBuildConfiguration;
			buildSettings = {
				ALWAYS_SEARCH_USER_PATHS = NO;
				CLANG_ANALYZER_NONNULL = YES;
				CLANG_ANALYZER_NUMBER_OBJECT_CONVERSION = YES_AGGRESSIVE;
				CLANG_CXX_LANGUAGE_STANDARD = "gnu++14";
				CLANG_CXX_LIBRARY = "libc++";
				CLANG_ENABLE_MODULES = YES;
				CLANG_ENABLE_OBJC_ARC = YES;
				CLANG_ENABLE_OBJC_WEAK = YES;
				CLANG_WARN_BLOCK_CAPTURE_AUTORELEASING = YES;
				CLANG_WARN_BOOL_CONVERSION = YES;
				CLANG_WARN_COMMA = YES;
				CLANG_WARN_CONSTANT_CONVERSION = YES;
				CLANG_WARN_DEPRECATED_OBJC_IMPLEMENTATIONS = YES;
				CLANG_WARN_DIRECT_OBJC_ISA_USAGE = YES_ERROR;
				CLANG_WARN_DOCUMENTATION_COMMENTS = YES;
				CLANG_WARN_EMPTY_BODY = YES;
				CLANG_WARN_ENUM_CONVERSION = YES;
				CLANG_WARN_INFINITE_RECURSION = YES;
				CLANG_WARN_INT_CONVERSION = YES;
				CLANG_WARN_NON_LITERAL_NULL_CONVERSION = YES;
				CLANG_WARN_OBJC_IMPLICIT_RETAIN_SELF = YES;
				CLANG_WARN_OBJC_LITERAL_CONVERSION = YES;
				CLANG_WARN_OBJC_ROOT_CLASS = YES_ERROR;
				CLANG_WARN_QUOTED_INCLUDE_IN_FRAMEWORK_HEADER = YES;
				CLANG_WARN_RANGE_LOOP_ANALYSIS = YES;
				CLANG_WARN_STRICT_PROTOTYPES = YES;
				CLANG_WARN_SUSPICIOUS_MOVE = YES;
				CLANG_WARN_UNGUARDED_AVAILABILITY = YES_AGGRESSIVE;
				CLANG_WARN_UNREACHABLE_CODE = YES;
				CLANG_WARN__DUPLICATE_METHOD_MATCH = YES;
				COPY_PHASE_STRIP = NO;
				DEBUG_INFORMATION_FORMAT = dwarf;
				ENABLE_STRICT_OBJC_MSGSEND = YES;
				ENABLE_TESTABILITY = YES;
				GCC_C_LANGUAGE_STANDARD = gnu11;
				GCC_DYNAMIC_NO_PIC = NO;
				GCC_NO_COMMON_BLOCKS = YES;
				GCC_OPTIMIZATION_LEVEL = 0;
				GCC_PREPROCESSOR_DEFINITIONS = (
					"DEBUG=1",
					"$(inherited)",
				);
				GCC_WARN_64_TO_32_BIT_CONVERSION = YES;
				GCC_WARN_ABOUT_RETURN_TYPE = YES_ERROR;
				GCC_WARN_UNDECLARED_SELECTOR = YES;
				GCC_WARN_UNINITIALIZED_AUTOS = YES_AGGRESSIVE;
				GCC_WARN_UNUSED_FUNCTION = YES;
				GCC_WARN_UNUSED_VARIABLE = YES;
				IPHONEOS_DEPLOYMENT_TARGET = 14.3;
				MTL_ENABLE_DEBUG_INFO = INCLUDE_SOURCE;
				MTL_FAST_MATH = YES;
				ONLY_ACTIVE_ARCH = YES;
				SDKROOT = iphoneos;
				SWIFT_ACTIVE_COMPILATION_CONDITIONS = DEBUG;
				SWIFT_OPTIMIZATION_LEVEL = "-Onone";
			};
			name = Debug;
		};
		7906024D25BB387000AF38B8 /* Release */ = {
			isa = XCBuildConfiguration;
			buildSettings = {
				ALWAYS_SEARCH_USER_PATHS = NO;
				CLANG_ANALYZER_NONNULL = YES;
				CLANG_ANALYZER_NUMBER_OBJECT_CONVERSION = YES_AGGRESSIVE;
				CLANG_CXX_LANGUAGE_STANDARD = "gnu++14";
				CLANG_CXX_LIBRARY = "libc++";
				CLANG_ENABLE_MODULES = YES;
				CLANG_ENABLE_OBJC_ARC = YES;
				CLANG_ENABLE_OBJC_WEAK = YES;
				CLANG_WARN_BLOCK_CAPTURE_AUTORELEASING = YES;
				CLANG_WARN_BOOL_CONVERSION = YES;
				CLANG_WARN_COMMA = YES;
				CLANG_WARN_CONSTANT_CONVERSION = YES;
				CLANG_WARN_DEPRECATED_OBJC_IMPLEMENTATIONS = YES;
				CLANG_WARN_DIRECT_OBJC_ISA_USAGE = YES_ERROR;
				CLANG_WARN_DOCUMENTATION_COMMENTS = YES;
				CLANG_WARN_EMPTY_BODY = YES;
				CLANG_WARN_ENUM_CONVERSION = YES;
				CLANG_WARN_INFINITE_RECURSION = YES;
				CLANG_WARN_INT_CONVERSION = YES;
				CLANG_WARN_NON_LITERAL_NULL_CONVERSION = YES;
				CLANG_WARN_OBJC_IMPLICIT_RETAIN_SELF = YES;
				CLANG_WARN_OBJC_LITERAL_CONVERSION = YES;
				CLANG_WARN_OBJC_ROOT_CLASS = YES_ERROR;
				CLANG_WARN_QUOTED_INCLUDE_IN_FRAMEWORK_HEADER = YES;
				CLANG_WARN_RANGE_LOOP_ANALYSIS = YES;
				CLANG_WARN_STRICT_PROTOTYPES = YES;
				CLANG_WARN_SUSPICIOUS_MOVE = YES;
				CLANG_WARN_UNGUARDED_AVAILABILITY = YES_AGGRESSIVE;
				CLANG_WARN_UNREACHABLE_CODE = YES;
				CLANG_WARN__DUPLICATE_METHOD_MATCH = YES;
				COPY_PHASE_STRIP = NO;
				DEBUG_INFORMATION_FORMAT = "dwarf-with-dsym";
				ENABLE_NS_ASSERTIONS = NO;
				ENABLE_STRICT_OBJC_MSGSEND = YES;
				GCC_C_LANGUAGE_STANDARD = gnu11;
				GCC_NO_COMMON_BLOCKS = YES;
				GCC_WARN_64_TO_32_BIT_CONVERSION = YES;
				GCC_WARN_ABOUT_RETURN_TYPE = YES_ERROR;
				GCC_WARN_UNDECLARED_SELECTOR = YES;
				GCC_WARN_UNINITIALIZED_AUTOS = YES_AGGRESSIVE;
				GCC_WARN_UNUSED_FUNCTION = YES;
				GCC_WARN_UNUSED_VARIABLE = YES;
				IPHONEOS_DEPLOYMENT_TARGET = 14.3;
				MTL_ENABLE_DEBUG_INFO = NO;
				MTL_FAST_MATH = YES;
				SDKROOT = iphoneos;
				SWIFT_COMPILATION_MODE = wholemodule;
				SWIFT_OPTIMIZATION_LEVEL = "-O";
				VALIDATE_PRODUCT = YES;
			};
			name = Release;
		};
		7906024F25BB387000AF38B8 /* Debug */ = {
			isa = XCBuildConfiguration;
			buildSettings = {
				ASSETCATALOG_COMPILER_APPICON_NAME = AppIcon;
				ASSETCATALOG_COMPILER_GLOBAL_ACCENT_COLOR_NAME = AccentColor;
				CODE_SIGN_STYLE = Automatic;
				DEVELOPMENT_TEAM = 7VVA7JF63G;
				INFOPLIST_FILE = EventBuddy/Resources/Info.plist;
				LD_RUNPATH_SEARCH_PATHS = (
					"$(inherited)",
					"@executable_path/Frameworks",
				);
				PRODUCT_BUNDLE_IDENTIFIER = com.rmccaine.EventBuddy;
				PRODUCT_NAME = "$(TARGET_NAME)";
				SWIFT_VERSION = 5.0;
				TARGETED_DEVICE_FAMILY = "1,2";
			};
			name = Debug;
		};
		7906025025BB387000AF38B8 /* Release */ = {
			isa = XCBuildConfiguration;
			buildSettings = {
				ASSETCATALOG_COMPILER_APPICON_NAME = AppIcon;
				ASSETCATALOG_COMPILER_GLOBAL_ACCENT_COLOR_NAME = AccentColor;
				CODE_SIGN_STYLE = Automatic;
				DEVELOPMENT_TEAM = 7VVA7JF63G;
				INFOPLIST_FILE = EventBuddy/Resources/Info.plist;
				LD_RUNPATH_SEARCH_PATHS = (
					"$(inherited)",
					"@executable_path/Frameworks",
				);
				PRODUCT_BUNDLE_IDENTIFIER = com.rmccaine.EventBuddy;
				PRODUCT_NAME = "$(TARGET_NAME)";
				SWIFT_VERSION = 5.0;
				TARGETED_DEVICE_FAMILY = "1,2";
			};
			name = Release;
		};
/* End XCBuildConfiguration section */

/* Begin XCConfigurationList section */
		7906023225BB386F00AF38B8 /* Build configuration list for PBXProject "EventBuddy" */ = {
			isa = XCConfigurationList;
			buildConfigurations = (
				7906024C25BB387000AF38B8 /* Debug */,
				7906024D25BB387000AF38B8 /* Release */,
			);
			defaultConfigurationIsVisible = 0;
			defaultConfigurationName = Release;
		};
		7906024E25BB387000AF38B8 /* Build configuration list for PBXNativeTarget "EventBuddy" */ = {
			isa = XCConfigurationList;
			buildConfigurations = (
				7906024F25BB387000AF38B8 /* Debug */,
				7906025025BB387000AF38B8 /* Release */,
			);
			defaultConfigurationIsVisible = 0;
			defaultConfigurationName = Release;
		};
/* End XCConfigurationList section */

/* Begin XCVersionGroup section */
		7906024325BB386F00AF38B8 /* EventBuddy.xcdatamodeld */ = {
			isa = XCVersionGroup;
			children = (
				7906024425BB386F00AF38B8 /* EventBuddy.xcdatamodel */,
			);
			currentVersion = 7906024425BB386F00AF38B8 /* EventBuddy.xcdatamodel */;
			path = EventBuddy.xcdatamodeld;
			sourceTree = "<group>";
			versionGroupType = wrapper.xcdatamodel;
		};
/* End XCVersionGroup section */
	};
	rootObject = 7906022F25BB386F00AF38B8 /* Project object */;
}
